
Microsoft Visual Studio Solution File, Format Version 12.00
# Visual Studio Version 17
VisualStudioVersion = 17.0.31903.59
MinimumVisualStudioVersion = 10.0.40219.1
Project("{2150E333-8FDC-42A3-9474-1A3956D46DE8}") = "Solution Items", "Solution Items", "{0937006E-66B5-44AD-BB7F-5849CB5FBFA6}"
	ProjectSection(SolutionItems) = preProject
		.editorconfig = .editorconfig
		.gitignore = .gitignore
		global.json = global.json
		RapidBlazor.nuspec = RapidBlazor.nuspec
		README.md = README.md
	EndProjectSection
EndProject
Project("{9A19103F-16F7-4668-BE54-9A1E7A4F7556}") = "Application.IntegrationTests", "tests\Application.IntegrationTests\Application.IntegrationTests.csproj", "{BEAFBA8E-E02B-4325-9805-D65E221A5BC4}"
EndProject
Project("{2150E333-8FDC-42A3-9474-1A3956D46DE8}") = "src", "src", "{21642CE3-AFFB-4B7D-8417-59AD52BD5D9E}"
EndProject
Project("{2150E333-8FDC-42A3-9474-1A3956D46DE8}") = "tests", "tests", "{EAAFA0BC-C784-4424-A935-B294852D7527}"
EndProject
Project("{2150E333-8FDC-42A3-9474-1A3956D46DE8}") = "WebUi", "WebUi", "{BA840084-69F1-46BC-911E-A037FB5EF547}"
EndProject
Project("{FAE04EC0-301F-11D3-BF4B-00C04F79EFBC}") = "WebUi", "src\WebUi\WebUi\WebUi.csproj", "{FA245EA6-F12D-4AF6-AB3D-C45ECCA2612D}"
EndProject
Project("{FAE04EC0-301F-11D3-BF4B-00C04F79EFBC}") = "WebUi.Client", "src\WebUi\WebUi.Client\WebUi.Client.csproj", "{E5B75DD3-8905-4AEC-BD8F-E0C44AB9CF2B}"
EndProject
Project("{FAE04EC0-301F-11D3-BF4B-00C04F79EFBC}") = "Application", "src\Application\Application.csproj", "{BE628E67-8661-4541-AA1E-7DED68916817}"
EndProject
Project("{FAE04EC0-301F-11D3-BF4B-00C04F79EFBC}") = "Domain", "src\Domain\Domain.csproj", "{799EFF70-92BB-47E9-BB45-4314D7FC3D27}"
EndProject
Project("{FAE04EC0-301F-11D3-BF4B-00C04F79EFBC}") = "Infrastructure", "src\Infrastructure\Infrastructure.csproj", "{0980D85C-4292-44F6-B3B0-B292AEBCEFDF}"
EndProject
Project("{FAE04EC0-301F-11D3-BF4B-00C04F79EFBC}") = "Application.UnitTests", "tests\Application.UnitTests\Application.UnitTests.csproj", "{26F13833-299F-4DCB-A712-DBC3E9D6A40D}"
EndProject
Project("{FAE04EC0-301F-11D3-BF4B-00C04F79EFBC}") = "Domain.UnitTests", "tests\Domain.UnitTests\Domain.UnitTests.csproj", "{C6803B0D-9D4F-43DB-AC84-0CE580B8DC1A}"
EndProject
Project("{FAE04EC0-301F-11D3-BF4B-00C04F79EFBC}") = "WebUi.AcceptanceTests", "tests\WebUi.AcceptanceTests\WebUi.AcceptanceTests.csproj", "{41B7E555-9C51-4BE2-8CF5-CB63E5B08605}"
EndProject
Project("{FAE04EC0-301F-11D3-BF4B-00C04F79EFBC}") = "Shared", "src\WebUi\Shared\Shared.csproj", "{60932890-CC01-4512-BFC9-F3C6675091A1}"
EndProject
Global
	GlobalSection(SolutionConfigurationPlatforms) = preSolution
		Debug|Any CPU = Debug|Any CPU
		Release|Any CPU = Release|Any CPU
	EndGlobalSection
	GlobalSection(ProjectConfigurationPlatforms) = postSolution
		{BEAFBA8E-E02B-4325-9805-D65E221A5BC4}.Debug|Any CPU.ActiveCfg = Debug|Any CPU
		{BEAFBA8E-E02B-4325-9805-D65E221A5BC4}.Debug|Any CPU.Build.0 = Debug|Any CPU
		{BEAFBA8E-E02B-4325-9805-D65E221A5BC4}.Release|Any CPU.ActiveCfg = Release|Any CPU
		{BEAFBA8E-E02B-4325-9805-D65E221A5BC4}.Release|Any CPU.Build.0 = Release|Any CPU
		{FA245EA6-F12D-4AF6-AB3D-C45ECCA2612D}.Debug|Any CPU.ActiveCfg = Debug|Any CPU
		{FA245EA6-F12D-4AF6-AB3D-C45ECCA2612D}.Debug|Any CPU.Build.0 = Debug|Any CPU
		{FA245EA6-F12D-4AF6-AB3D-C45ECCA2612D}.Release|Any CPU.ActiveCfg = Release|Any CPU
		{FA245EA6-F12D-4AF6-AB3D-C45ECCA2612D}.Release|Any CPU.Build.0 = Release|Any CPU
		{E5B75DD3-8905-4AEC-BD8F-E0C44AB9CF2B}.Debug|Any CPU.ActiveCfg = Debug|Any CPU
		{E5B75DD3-8905-4AEC-BD8F-E0C44AB9CF2B}.Debug|Any CPU.Build.0 = Debug|Any CPU
		{E5B75DD3-8905-4AEC-BD8F-E0C44AB9CF2B}.Release|Any CPU.ActiveCfg = Release|Any CPU
		{E5B75DD3-8905-4AEC-BD8F-E0C44AB9CF2B}.Release|Any CPU.Build.0 = Release|Any CPU
		{BE628E67-8661-4541-AA1E-7DED68916817}.Debug|Any CPU.ActiveCfg = Debug|Any CPU
		{BE628E67-8661-4541-AA1E-7DED68916817}.Debug|Any CPU.Build.0 = Debug|Any CPU
		{BE628E67-8661-4541-AA1E-7DED68916817}.Release|Any CPU.ActiveCfg = Release|Any CPU
		{BE628E67-8661-4541-AA1E-7DED68916817}.Release|Any CPU.Build.0 = Release|Any CPU
		{799EFF70-92BB-47E9-BB45-4314D7FC3D27}.Debug|Any CPU.ActiveCfg = Debug|Any CPU
		{799EFF70-92BB-47E9-BB45-4314D7FC3D27}.Debug|Any CPU.Build.0 = Debug|Any CPU
		{799EFF70-92BB-47E9-BB45-4314D7FC3D27}.Release|Any CPU.ActiveCfg = Release|Any CPU
		{799EFF70-92BB-47E9-BB45-4314D7FC3D27}.Release|Any CPU.Build.0 = Release|Any CPU
		{0980D85C-4292-44F6-B3B0-B292AEBCEFDF}.Debug|Any CPU.ActiveCfg = Debug|Any CPU
		{0980D85C-4292-44F6-B3B0-B292AEBCEFDF}.Debug|Any CPU.Build.0 = Debug|Any CPU
		{0980D85C-4292-44F6-B3B0-B292AEBCEFDF}.Release|Any CPU.ActiveCfg = Release|Any CPU
		{0980D85C-4292-44F6-B3B0-B292AEBCEFDF}.Release|Any CPU.Build.0 = Release|Any CPU
		{26F13833-299F-4DCB-A712-DBC3E9D6A40D}.Debug|Any CPU.ActiveCfg = Debug|Any CPU
		{26F13833-299F-4DCB-A712-DBC3E9D6A40D}.Debug|Any CPU.Build.0 = Debug|Any CPU
		{26F13833-299F-4DCB-A712-DBC3E9D6A40D}.Release|Any CPU.ActiveCfg = Release|Any CPU
		{26F13833-299F-4DCB-A712-DBC3E9D6A40D}.Release|Any CPU.Build.0 = Release|Any CPU
		{C6803B0D-9D4F-43DB-AC84-0CE580B8DC1A}.Debug|Any CPU.ActiveCfg = Debug|Any CPU
		{C6803B0D-9D4F-43DB-AC84-0CE580B8DC1A}.Debug|Any CPU.Build.0 = Debug|Any CPU
		{C6803B0D-9D4F-43DB-AC84-0CE580B8DC1A}.Release|Any CPU.ActiveCfg = Release|Any CPU
		{C6803B0D-9D4F-43DB-AC84-0CE580B8DC1A}.Release|Any CPU.Build.0 = Release|Any CPU
		{41B7E555-9C51-4BE2-8CF5-CB63E5B08605}.Debug|Any CPU.ActiveCfg = Debug|Any CPU
		{41B7E555-9C51-4BE2-8CF5-CB63E5B08605}.Debug|Any CPU.Build.0 = Debug|Any CPU
		{41B7E555-9C51-4BE2-8CF5-CB63E5B08605}.Release|Any CPU.ActiveCfg = Release|Any CPU
		{41B7E555-9C51-4BE2-8CF5-CB63E5B08605}.Release|Any CPU.Build.0 = Release|Any CPU
		{60932890-CC01-4512-BFC9-F3C6675091A1}.Debug|Any CPU.ActiveCfg = Debug|Any CPU
		{60932890-CC01-4512-BFC9-F3C6675091A1}.Debug|Any CPU.Build.0 = Debug|Any CPU
		{60932890-CC01-4512-BFC9-F3C6675091A1}.Release|Any CPU.ActiveCfg = Release|Any CPU
		{60932890-CC01-4512-BFC9-F3C6675091A1}.Release|Any CPU.Build.0 = Release|Any CPU
	EndGlobalSection
	GlobalSection(SolutionProperties) = preSolution
		HideSolutionNode = FALSE
	EndGlobalSection
	GlobalSection(NestedProjects) = preSolution
		{BA840084-69F1-46BC-911E-A037FB5EF547} = {21642CE3-AFFB-4B7D-8417-59AD52BD5D9E}
		{FA245EA6-F12D-4AF6-AB3D-C45ECCA2612D} = {BA840084-69F1-46BC-911E-A037FB5EF547}
		{E5B75DD3-8905-4AEC-BD8F-E0C44AB9CF2B} = {BA840084-69F1-46BC-911E-A037FB5EF547}
		{BE628E67-8661-4541-AA1E-7DED68916817} = {21642CE3-AFFB-4B7D-8417-59AD52BD5D9E}
		{799EFF70-92BB-47E9-BB45-4314D7FC3D27} = {21642CE3-AFFB-4B7D-8417-59AD52BD5D9E}
		{0980D85C-4292-44F6-B3B0-B292AEBCEFDF} = {21642CE3-AFFB-4B7D-8417-59AD52BD5D9E}
		{26F13833-299F-4DCB-A712-DBC3E9D6A40D} = {EAAFA0BC-C784-4424-A935-B294852D7527}
		{C6803B0D-9D4F-43DB-AC84-0CE580B8DC1A} = {EAAFA0BC-C784-4424-A935-B294852D7527}
		{41B7E555-9C51-4BE2-8CF5-CB63E5B08605} = {EAAFA0BC-C784-4424-A935-B294852D7527}
		{60932890-CC01-4512-BFC9-F3C6675091A1} = {BA840084-69F1-46BC-911E-A037FB5EF547}
		{BEAFBA8E-E02B-4325-9805-D65E221A5BC4} = {EAAFA0BC-C784-4424-A935-B294852D7527}
	EndGlobalSection
	GlobalSection(ExtensibilityGlobals) = postSolution
		SolutionGuid = {E41B9081-EAF9-43BE-99B8-D8059C884823}
	EndGlobalSection
EndGlobal
